{"filter":false,"title":"Gemfile.lock","tooltip":"/Gemfile.lock","undoManager":{"mark":0,"position":0,"stack":[[{"start":{"row":41,"column":14},"end":{"row":41,"column":15},"action":"remove","lines":["3"],"id":2,"ignore":true},{"start":{"row":41,"column":14},"end":{"row":41,"column":15},"action":"insert","lines":["4"]},{"start":{"row":42,"column":17},"end":{"row":42,"column":18},"action":"remove","lines":["1"]},{"start":{"row":42,"column":17},"end":{"row":42,"column":18},"action":"insert","lines":["2"]},{"start":{"row":43,"column":21},"end":{"row":43,"column":24},"action":"remove","lines":["1.1"]},{"start":{"row":43,"column":21},"end":{"row":43,"column":24},"action":"insert","lines":["4.0"]},{"start":{"row":45,"column":11},"end":{"row":45,"column":12},"action":"remove","lines":["s"]},{"start":{"row":45,"column":16},"end":{"row":45,"column":21},"action":"remove","lines":["2.6.6"]},{"start":{"row":45,"column":16},"end":{"row":45,"column":21},"action":"insert","lines":["1.0.0"]},{"start":{"row":47,"column":27},"end":{"row":47,"column":28},"action":"remove","lines":["2"]},{"start":{"row":47,"column":27},"end":{"row":47,"column":28},"action":"insert","lines":["3"]},{"start":{"row":49,"column":17},"end":{"row":49,"column":18},"action":"remove","lines":["2"]},{"start":{"row":49,"column":17},"end":{"row":49,"column":18},"action":"insert","lines":["3"]},{"start":{"row":50,"column":12},"end":{"row":50,"column":13},"action":"remove","lines":["9"]},{"start":{"row":50,"column":12},"end":{"row":50,"column":14},"action":"insert","lines":["10"]},{"start":{"row":50,"column":17},"end":{"row":50,"column":18},"action":"remove","lines":["5"]},{"start":{"row":50,"column":17},"end":{"row":50,"column":18},"action":"insert","lines":["2"]},{"start":{"row":51,"column":17},"end":{"row":51,"column":18},"action":"remove","lines":["1"]},{"start":{"row":51,"column":17},"end":{"row":51,"column":18},"action":"insert","lines":["2"]},{"start":{"row":58,"column":29},"end":{"row":58,"column":32},"action":"remove","lines":["0.0"]},{"start":{"row":58,"column":29},"end":{"row":58,"column":32},"action":"insert","lines":["2.2"]},{"start":{"row":59,"column":25},"end":{"row":59,"column":26},"action":"remove","lines":["2"]},{"start":{"row":59,"column":25},"end":{"row":60,"column":16},"action":"insert","lines":["5)","    crass (1.0.4"]},{"start":{"row":61,"column":25},"end":{"row":61,"column":26},"action":"remove","lines":["2"]},{"start":{"row":61,"column":25},"end":{"row":61,"column":26},"action":"insert","lines":["3"]},{"start":{"row":62,"column":14},"end":{"row":62,"column":17},"action":"remove","lines":["2.0"]},{"start":{"row":62,"column":14},"end":{"row":62,"column":17},"action":"insert","lines":["4.3"]},{"start":{"row":65,"column":28},"end":{"row":65,"column":31},"action":"remove","lines":["5.1"]},{"start":{"row":65,"column":28},"end":{"row":65,"column":31},"action":"insert","lines":["6.0"]},{"start":{"row":68,"column":0},"end":{"row":69,"column":0},"action":"insert","lines":["    erubi (1.7.1)",""]},{"start":{"row":71,"column":0},"end":{"row":72,"column":0},"action":"insert","lines":["    ffi (1.9.25)",""]},{"start":{"row":72,"column":16},"end":{"row":72,"column":19},"action":"remove","lines":["3.7"]},{"start":{"row":72,"column":16},"end":{"row":72,"column":19},"action":"insert","lines":["4.1"]},{"start":{"row":73,"column":26},"end":{"row":73,"column":27},"action":"remove","lines":["1"]},{"start":{"row":73,"column":26},"end":{"row":73,"column":27},"action":"insert","lines":["2"]},{"start":{"row":76,"column":20},"end":{"row":76,"column":23},"action":"remove","lines":["2.2"]},{"start":{"row":76,"column":20},"end":{"row":76,"column":21},"action":"insert","lines":["3"]},{"start":{"row":77,"column":15},"end":{"row":77,"column":16},"action":"remove","lines":["2"]},{"start":{"row":77,"column":15},"end":{"row":77,"column":16},"action":"insert","lines":["3"]},{"start":{"row":80,"column":12},"end":{"row":80,"column":13},"action":"remove","lines":["7"]},{"start":{"row":80,"column":12},"end":{"row":81,"column":27},"action":"insert","lines":["9.5)","      concurrent-ruby (~> 1"]},{"start":{"row":82,"column":26},"end":{"row":82,"column":29},"action":"remove","lines":["1.0"]},{"start":{"row":82,"column":26},"end":{"row":82,"column":29},"action":"insert","lines":["2.2"]},{"start":{"row":84,"column":16},"end":{"row":84,"column":17},"action":"remove","lines":["6"]},{"start":{"row":84,"column":16},"end":{"row":84,"column":17},"action":"insert","lines":["7"]},{"start":{"row":85,"column":24},"end":{"row":85,"column":36},"action":"remove","lines":["3.0.0, < 5.1"]},{"start":{"row":85,"column":24},"end":{"row":85,"column":29},"action":"insert","lines":["4.2.0"]},{"start":{"row":86,"column":18},"end":{"row":86,"column":19},"action":"remove","lines":["~"]},{"start":{"row":86,"column":19},"end":{"row":86,"column":20},"action":"insert","lines":["="]},{"start":{"row":87,"column":20},"end":{"row":87,"column":23},"action":"remove","lines":["1.1"]},{"start":{"row":87,"column":20},"end":{"row":87,"column":23},"action":"insert","lines":["3.3"]},{"start":{"row":91,"column":14},"end":{"row":91,"column":15},"action":"remove","lines":["3"]},{"start":{"row":91,"column":14},"end":{"row":91,"column":15},"action":"insert","lines":["6"]},{"start":{"row":92,"column":14},"end":{"row":93,"column":18},"action":"insert","lines":["2.2)","      crass (~> 1."]},{"start":{"row":93,"column":20},"end":{"row":93,"column":21},"action":"remove","lines":["3"]},{"start":{"row":93,"column":20},"end":{"row":93,"column":21},"action":"insert","lines":["2"]},{"start":{"row":95,"column":12},"end":{"row":95,"column":15},"action":"remove","lines":["6.4"]},{"start":{"row":95,"column":12},"end":{"row":95,"column":15},"action":"insert","lines":["7.0"]},{"start":{"row":96,"column":8},"end":{"row":96,"column":16},"action":"remove","lines":["me-types"]},{"start":{"row":96,"column":8},"end":{"row":96,"column":15},"action":"insert","lines":["ni_mime"]},{"start":{"row":96,"column":20},"end":{"row":96,"column":21},"action":"remove","lines":["1"]},{"start":{"row":96,"column":20},"end":{"row":96,"column":21},"action":"insert","lines":["0"]},{"start":{"row":96,"column":23},"end":{"row":97,"column":17},"action":"remove","lines":["6, < 4)","    mime-types (3"]},{"start":{"row":97,"column":4},"end":{"row":97,"column":5},"action":"remove","lines":[" "]},{"start":{"row":97,"column":4},"end":{"row":97,"column":5},"action":"remove","lines":[" "]},{"start":{"row":97,"column":6},"end":{"row":98,"column":31},"action":"remove","lines":["me-types-data (~> 3.2015)","    mime-types-data (3.2016.052"]},{"start":{"row":97,"column":6},"end":{"row":97,"column":19},"action":"insert","lines":["ni_mime (1.0."]},{"start":{"row":98,"column":21},"end":{"row":98,"column":22},"action":"remove","lines":["1"]},{"start":{"row":98,"column":21},"end":{"row":98,"column":22},"action":"insert","lines":["3"]},{"start":{"row":99,"column":16},"end":{"row":99,"column":19},"action":"remove","lines":["9.0"]},{"start":{"row":99,"column":16},"end":{"row":99,"column":20},"action":"insert","lines":["11.3"]},{"start":{"row":100,"column":19},"end":{"row":100,"column":20},"action":"remove","lines":["2"]},{"start":{"row":100,"column":19},"end":{"row":100,"column":20},"action":"insert","lines":["3"]},{"start":{"row":101,"column":16},"end":{"row":101,"column":19},"action":"remove","lines":["6.8"]},{"start":{"row":101,"column":16},"end":{"row":101,"column":19},"action":"insert","lines":["8.4"]},{"start":{"row":102,"column":26},"end":{"row":102,"column":27},"action":"remove","lines":["1"]},{"start":{"row":102,"column":26},"end":{"row":102,"column":27},"action":"insert","lines":["3"]},{"start":{"row":103,"column":0},"end":{"row":104,"column":0},"action":"remove","lines":["      pkg-config (~> 1.1.7)",""]},{"start":{"row":104,"column":28},"end":{"row":104,"column":29},"action":"remove","lines":["5"]},{"start":{"row":104,"column":28},"end":{"row":104,"column":29},"action":"insert","lines":["6"]},{"start":{"row":108,"column":16},"end":{"row":108,"column":17},"action":"remove","lines":["4"]},{"start":{"row":108,"column":16},"end":{"row":108,"column":17},"action":"insert","lines":["7"]},{"start":{"row":110,"column":0},"end":{"row":111,"column":0},"action":"remove","lines":["    pkg-config (1.1.7)",""]},{"start":{"row":110,"column":11},"end":{"row":110,"column":16},"action":"remove","lines":["1.3.0"]},{"start":{"row":110,"column":11},"end":{"row":110,"column":16},"action":"insert","lines":["2.2.2"]},{"start":{"row":111,"column":21},"end":{"row":111,"column":22},"action":"remove","lines":["4"]},{"start":{"row":111,"column":21},"end":{"row":111,"column":22},"action":"insert","lines":["7"]},{"start":{"row":112,"column":19},"end":{"row":112,"column":22},"action":"remove","lines":["4.0"]},{"start":{"row":112,"column":19},"end":{"row":112,"column":20},"action":"insert","lines":["5"]},{"start":{"row":115,"column":30},"end":{"row":115,"column":31},"action":"remove","lines":["3"]},{"start":{"row":115,"column":30},"end":{"row":115,"column":31},"action":"insert","lines":["4"]},{"start":{"row":117,"column":14},"end":{"row":117,"column":15},"action":"remove","lines":["4"]},{"start":{"row":117,"column":14},"end":{"row":117,"column":16},"action":"insert","lines":["10"]},{"start":{"row":133,"column":27},"end":{"row":133,"column":28},"action":"remove","lines":["7"]},{"start":{"row":133,"column":27},"end":{"row":133,"column":28},"action":"insert","lines":["9"]},{"start":{"row":134,"column":29},"end":{"row":134,"column":34},"action":"remove","lines":[".beta"]},{"start":{"row":135,"column":22},"end":{"row":135,"column":24},"action":"remove","lines":[".0"]},{"start":{"row":137,"column":30},"end":{"row":137,"column":31},"action":"remove","lines":["3"]},{"start":{"row":137,"column":30},"end":{"row":137,"column":31},"action":"insert","lines":["4"]},{"start":{"row":138,"column":19},"end":{"row":138,"column":20},"action":"remove","lines":["0"]},{"start":{"row":138,"column":19},"end":{"row":138,"column":30},"action":"insert","lines":["2, >= 2.2.2"]},{"start":{"row":149,"column":11},"end":{"row":152,"column":21},"action":"remove","lines":["1.2.2)","    rdoc (4.2.2)","      json (~> 1.4)","    responders (2.2.0"]},{"start":{"row":149,"column":11},"end":{"row":155,"column":33},"action":"insert","lines":["2.3.1)","    rb-fsevent (0.10.3)","    rb-inotify (0.9.10)","      ffi (>= 0.5.0, < 2)","    rdoc (4.3.0)","    responders (2.4.0)","      actionpack (>= 4.2.0, < 5.3"]},{"start":{"row":156,"column":30},"end":{"row":156,"column":31},"action":"remove","lines":["1"]},{"start":{"row":156,"column":30},"end":{"row":156,"column":31},"action":"insert","lines":["3"]},{"start":{"row":157,"column":18},"end":{"row":157,"column":21},"action":"remove","lines":["5.2"]},{"start":{"row":157,"column":18},"end":{"row":157,"column":21},"action":"insert","lines":["8.0"]},{"start":{"row":158,"column":26},"end":{"row":158,"column":27},"action":"remove","lines":["5"]},{"start":{"row":158,"column":26},"end":{"row":158,"column":27},"action":"insert","lines":["8"]},{"start":{"row":159,"column":21},"end":{"row":159,"column":22},"action":"remove","lines":["5"]},{"start":{"row":159,"column":21},"end":{"row":159,"column":22},"action":"insert","lines":["8"]},{"start":{"row":160,"column":17},"end":{"row":161,"column":16},"action":"remove","lines":["0)","    sass (3.4.22"]},{"start":{"row":160,"column":17},"end":{"row":165,"column":34},"action":"insert","lines":["1)","    sass (3.5.7)","      sass-listen (~> 4.0.0)","    sass-listen (4.0.0)","      rb-fsevent (~> 0.9, >= 0.9.4)","      rb-inotify (~> 0.9, >= 0.9.7"]},{"start":{"row":166,"column":20},"end":{"row":166,"column":21},"action":"remove","lines":["6"]},{"start":{"row":166,"column":20},"end":{"row":166,"column":21},"action":"insert","lines":["7"]},{"start":{"row":172,"column":14},"end":{"row":172,"column":17},"action":"remove","lines":["1.1"]},{"start":{"row":172,"column":14},"end":{"row":172,"column":17},"action":"insert","lines":["2.0"]},{"start":{"row":177,"column":21},"end":{"row":177,"column":24},"action":"remove","lines":["4.0"]},{"start":{"row":177,"column":21},"end":{"row":177,"column":24},"action":"insert","lines":["8.1"]},{"start":{"row":180,"column":14},"end":{"row":180,"column":15},"action":"remove","lines":["1"]},{"start":{"row":180,"column":14},"end":{"row":180,"column":15},"action":"insert","lines":["2"]},{"start":{"row":183,"column":18},"end":{"row":183,"column":19},"action":"remove","lines":["0"]},{"start":{"row":183,"column":18},"end":{"row":183,"column":19},"action":"insert","lines":["1"]},{"start":{"row":184,"column":12},"end":{"row":184,"column":15},"action":"remove","lines":["1.7"]},{"start":{"row":184,"column":12},"end":{"row":185,"column":25},"action":"insert","lines":["2.0.2)","      activesupport (>= 4"]},{"start":{"row":186,"column":19},"end":{"row":186,"column":20},"action":"remove","lines":["0"]},{"start":{"row":186,"column":19},"end":{"row":186,"column":20},"action":"insert","lines":["2"]},{"start":{"row":189,"column":23},"end":{"row":189,"column":24},"action":"remove","lines":["1"]},{"start":{"row":189,"column":23},"end":{"row":189,"column":24},"action":"insert","lines":["2"]},{"start":{"row":193,"column":18},"end":{"row":193,"column":19},"action":"remove","lines":["1"]},{"start":{"row":193,"column":18},"end":{"row":193,"column":19},"action":"insert","lines":["3"]},{"start":{"row":194,"column":12},"end":{"row":194,"column":16},"action":"remove","lines":["19.1"]},{"start":{"row":194,"column":12},"end":{"row":194,"column":16},"action":"insert","lines":["20.0"]},{"start":{"row":195,"column":21},"end":{"row":195,"column":22},"action":"remove","lines":["5"]},{"start":{"row":195,"column":21},"end":{"row":195,"column":22},"action":"insert","lines":["6"]},{"start":{"row":196,"column":14},"end":{"row":196,"column":15},"action":"remove","lines":["5"]},{"start":{"row":196,"column":14},"end":{"row":196,"column":15},"action":"insert","lines":["8"]},{"start":{"row":197,"column":14},"end":{"row":197,"column":17},"action":"remove","lines":["4.0"]},{"start":{"row":197,"column":14},"end":{"row":197,"column":17},"action":"insert","lines":["5.1"]},{"start":{"row":198,"column":18},"end":{"row":198,"column":19},"action":"remove","lines":["0"]},{"start":{"row":198,"column":18},"end":{"row":198,"column":19},"action":"insert","lines":["1"]},{"start":{"row":199,"column":29},"end":{"row":199,"column":31},"action":"insert","lines":[".1"]},{"start":{"row":200,"column":25},"end":{"row":200,"column":26},"action":"remove","lines":["0"]},{"start":{"row":200,"column":25},"end":{"row":200,"column":26},"action":"insert","lines":["1"]},{"start":{"row":201,"column":16},"end":{"row":201,"column":17},"action":"remove","lines":["2"]},{"start":{"row":201,"column":16},"end":{"row":201,"column":17},"action":"insert","lines":["5"]},{"start":{"row":203,"column":14},"end":{"row":203,"column":17},"action":"remove","lines":["3.0"]},{"start":{"row":203,"column":14},"end":{"row":203,"column":17},"action":"insert","lines":["4.1"]},{"start":{"row":203,"column":19},"end":{"row":203,"column":20},"action":"insert","lines":["8"]},{"start":{"row":205,"column":16},"end":{"row":205,"column":17},"action":"remove","lines":["6"]},{"start":{"row":205,"column":16},"end":{"row":205,"column":17},"action":"insert","lines":["7"]},{"start":{"row":215,"column":23},"end":{"row":215,"column":24},"action":"remove","lines":["0"]},{"start":{"row":215,"column":23},"end":{"row":215,"column":24},"action":"insert","lines":["6"]},{"start":{"row":250,"column":6},"end":{"row":250,"column":9},"action":"remove","lines":["3.6"]},{"start":{"row":250,"column":6},"end":{"row":250,"column":9},"action":"insert","lines":["4.4"]}]]},"ace":{"folds":[],"scrolltop":1115,"scrollleft":0,"selection":{"start":{"row":135,"column":6},"end":{"row":135,"column":14},"isBackwards":false},"options":{"guessTabSize":true,"useWrapMode":false,"wrapToView":true},"firstLineState":{"row":91,"state":"start","mode":"ace/mode/text"}},"timestamp":1534348876136,"hash":"9ffe4d2fd58ce154d7e85a5166b7207f813adf7f"}